
Microsoft Visual Studio Solution File, Format Version 12.00
# Visual Studio Version 17
VisualStudioVersion = 17.1.32210.238
MinimumVisualStudioVersion = 10.0.40219.1
Project("{9A19103F-16F7-4668-BE54-9A1E7A4F7556}") = "Coracle.Web.Examples", "Coracle.Web.Examples\Coracle.Web.Examples.csproj", "{68D8A4C9-952D-4D08-B1A7-802EB083BA82}"
EndProject
Project("{9A19103F-16F7-4668-BE54-9A1E7A4F7556}") = "Coracle.Web.Examples.Discovery", "Coracle.Web.Examples.Discovery\Coracle.Web.Examples.Discovery.csproj", "{4987941D-5116-48FC-AB5C-E72DE6845AC9}"
EndProject
Global
	GlobalSection(SolutionConfigurationPlatforms) = preSolution
		Debug|Any CPU = Debug|Any CPU
		Release|Any CPU = Release|Any CPU
	EndGlobalSection
	GlobalSection(ProjectConfigurationPlatforms) = postSolution
		{68D8A4C9-952D-4D08-B1A7-802EB083BA82}.Debug|Any CPU.ActiveCfg = Debug|Any CPU
		{68D8A4C9-952D-4D08-B1A7-802EB083BA82}.Debug|Any CPU.Build.0 = Debug|Any CPU
		{68D8A4C9-952D-4D08-B1A7-802EB083BA82}.Release|Any CPU.ActiveCfg = Release|Any CPU
		{68D8A4C9-952D-4D08-B1A7-802EB083BA82}.Release|Any CPU.Build.0 = Release|Any CPU
		{4987941D-5116-48FC-AB5C-E72DE6845AC9}.Debug|Any CPU.ActiveCfg = Debug|Any CPU
		{4987941D-5116-48FC-AB5C-E72DE6845AC9}.Debug|Any CPU.Build.0 = Debug|Any CPU
		{4987941D-5116-48FC-AB5C-E72DE6845AC9}.Release|Any CPU.ActiveCfg = Release|Any CPU
		{4987941D-5116-48FC-AB5C-E72DE6845AC9}.Release|Any CPU.Build.0 = Release|Any CPU
	EndGlobalSection
	GlobalSection(SolutionProperties) = preSolution
		HideSolutionNode = FALSE
	EndGlobalSection
	GlobalSection(ExtensibilityGlobals) = postSolution
		SolutionGuid = {2440F0CB-6572-486E-9966-7716C0688223}
	EndGlobalSection
EndGlobal
